<?xml version="1.0" encoding="utf-8"?>
<Project ToolsVersion="4.0" xmlns="http://schemas.microsoft.com/developer/msbuild/2003">
  <ItemGroup>
    <Filter Include="소스 파일">
      <UniqueIdentifier>{4FC737F1-C7A5-4376-A066-2A32D752A2FF}</UniqueIdentifier>
      <Extensions>cpp;c;cc;cxx;def;odl;idl;hpj;bat;asm;asmx</Extensions>
    </Filter>
    <Filter Include="헤더 파일">
      <UniqueIdentifier>{93995380-89BD-4b04-88EB-625FBE52EBFB}</UniqueIdentifier>
      <Extensions>h;hh;hpp;hxx;hm;inl;inc;ipp;xsd</Extensions>
    </Filter>
    <Filter Include="리소스 파일">
      <UniqueIdentifier>{67DA6AB6-F800-4c08-8B7A-83BB121AAD01}</UniqueIdentifier>
      <Extensions>rc;ico;cur;bmp;dlg;rc2;rct;bin;rgs;gif;jpg;jpeg;jpe;resx;tiff;tif;png;wav;mfcribbon-ms</Extensions>
    </Filter>
  </ItemGroup>
  <ItemGroup>
    <ClInclude Include="idlib\containers\Sort.h">
      <Filter>헤더 파일</Filter>
    </ClInclude>
    <ClInclude Include="idlib\containers\List.h">
      <Filter>헤더 파일</Filter>
    </ClInclude>
    <ClInclude Include="idlib\containers\Array.h">
      <Filter>헤더 파일</Filter>
    </ClInclude>
    <ClInclude Include="idlib\sys\sys_types.h">
      <Filter>헤더 파일</Filter>
    </ClInclude>
    <ClInclude Include="idlib\precompiled.h">
      <Filter>헤더 파일</Filter>
    </ClInclude>
    <ClInclude Include="idlib\sys\sys_defines.h">
      <Filter>헤더 파일</Filter>
    </ClInclude>
    <ClInclude Include="idlib\sys\sys_includes.h">
      <Filter>헤더 파일</Filter>
    </ClInclude>
    <ClInclude Include="idlib\sys\sys_assert.h">
      <Filter>헤더 파일</Filter>
    </ClInclude>
    <ClInclude Include="idlib\Lib.h">
      <Filter>헤더 파일</Filter>
    </ClInclude>
    <ClInclude Include="idlib\Heap.h">
      <Filter>헤더 파일</Filter>
    </ClInclude>
    <ClInclude Include="idlib\Str.h">
      <Filter>헤더 파일</Filter>
    </ClInclude>
    <ClInclude Include="idlib\math\Polynomial.h">
      <Filter>헤더 파일</Filter>
    </ClInclude>
    <ClInclude Include="idlib\math\Math.h">
      <Filter>헤더 파일</Filter>
    </ClInclude>
    <ClInclude Include="idlib\CmdArgs.h">
      <Filter>헤더 파일</Filter>
    </ClInclude>
    <ClInclude Include="idlib\containers\StaticList.h">
      <Filter>헤더 파일</Filter>
    </ClInclude>
    <ClInclude Include="idlib\Thread.h">
      <Filter>헤더 파일</Filter>
    </ClInclude>
  </ItemGroup>
  <ItemGroup>
    <ClCompile Include="idlib\precompiled.cpp">
      <Filter>헤더 파일</Filter>
    </ClCompile>
    <ClCompile Include="idlib\sys\sys_assert.cpp">
      <Filter>헤더 파일</Filter>
    </ClCompile>
    <ClCompile Include="idlib\math\MatX.cpp">
      <Filter>헤더 파일</Filter>
    </ClCompile>
    <ClCompile Include="idlib\Lib.cpp">
      <Filter>헤더 파일</Filter>
    </ClCompile>
    <ClCompile Include="idlib\Heap.cpp">
      <Filter>헤더 파일</Filter>
    </ClCompile>
    <ClCompile Include="idlib\Str.cpp">
      <Filter>헤더 파일</Filter>
    </ClCompile>
    <ClCompile Include="idlib\math\Polynomial.cpp">
      <Filter>헤더 파일</Filter>
    </ClCompile>
    <ClCompile Include="idlib\math\Math.cpp">
      <Filter>헤더 파일</Filter>
    </ClCompile>
    <ClCompile Include="idlib\CmdArgs.cpp">
      <Filter>헤더 파일</Filter>
    </ClCompile>
    <ClCompile Include="idlib\Thread.cpp">
      <Filter>헤더 파일</Filter>
    </ClCompile>
    <ClCompile Include="idlib\sys\win32\win_thread.cpp">
      <Filter>헤더 파일</Filter>
    </ClCompile>
  </ItemGroup>
</Project>