<?xml version="1.0" encoding="utf-8"?>
<Project ToolsVersion="4.0" xmlns="http://schemas.microsoft.com/developer/msbuild/2003">
  <ItemGroup>
    <Filter Include="math">
      <UniqueIdentifier>{b8c628f1-3a4d-48d1-9d62-4e6c9c8c53b0}</UniqueIdentifier>
    </Filter>
    <Filter Include="sys">
      <UniqueIdentifier>{cbb88217-e210-44d9-8949-4fff65781ff8}</UniqueIdentifier>
    </Filter>
    <Filter Include="sys\win32">
      <UniqueIdentifier>{c2f6effe-e17b-4d19-9076-9d1d3a788b0c}</UniqueIdentifier>
    </Filter>
    <Filter Include="containers">
      <UniqueIdentifier>{9c929f4d-9025-4c7a-a748-9e15843d553e}</UniqueIdentifier>
    </Filter>
  </ItemGroup>
  <ItemGroup>
    <ClCompile Include="idlib\math\Math.cpp">
      <Filter>math</Filter>
    </ClCompile>
    <ClCompile Include="idlib\math\MatX.cpp">
      <Filter>math</Filter>
    </ClCompile>
    <ClCompile Include="idlib\math\Polynomial.cpp">
      <Filter>math</Filter>
    </ClCompile>
    <ClCompile Include="idlib\sys\sys_assert.cpp">
      <Filter>sys</Filter>
    </ClCompile>
    <ClCompile Include="idlib\sys\win32\win_thread.cpp">
      <Filter>sys\win32</Filter>
    </ClCompile>
    <ClCompile Include="idlib\CmdArgs.cpp" />
    <ClCompile Include="idlib\Heap.cpp" />
    <ClCompile Include="idlib\Lib.cpp" />
    <ClCompile Include="idlib\precompiled.cpp" />
    <ClCompile Include="idlib\Str.cpp" />
    <ClCompile Include="idlib\Thread.cpp" />
    <ClCompile Include="idCommon.cpp" />
  </ItemGroup>
  <ItemGroup>
    <ClInclude Include="idlib\containers\Array.h">
      <Filter>containers</Filter>
    </ClInclude>
    <ClInclude Include="idlib\containers\BTree.h">
      <Filter>containers</Filter>
    </ClInclude>
    <ClInclude Include="idlib\containers\List.h">
      <Filter>containers</Filter>
    </ClInclude>
    <ClInclude Include="idlib\containers\Sort.h">
      <Filter>containers</Filter>
    </ClInclude>
    <ClInclude Include="idlib\containers\StaticList.h">
      <Filter>containers</Filter>
    </ClInclude>
    <ClInclude Include="idlib\math\Math.h">
      <Filter>math</Filter>
    </ClInclude>
    <ClInclude Include="idlib\math\Polynomial.h">
      <Filter>math</Filter>
    </ClInclude>
    <ClInclude Include="idlib\sys\sys_assert.h">
      <Filter>sys</Filter>
    </ClInclude>
    <ClInclude Include="idlib\sys\sys_defines.h">
      <Filter>sys</Filter>
    </ClInclude>
    <ClInclude Include="idlib\sys\sys_includes.h">
      <Filter>sys</Filter>
    </ClInclude>
    <ClInclude Include="idlib\sys\sys_types.h">
      <Filter>sys</Filter>
    </ClInclude>
    <ClInclude Include="idlib\CmdArgs.h" />
    <ClInclude Include="idlib\Heap.h" />
    <ClInclude Include="idlib\Lib.h" />
    <ClInclude Include="idlib\precompiled.h" />
    <ClInclude Include="idlib\Str.h" />
    <ClInclude Include="idlib\Thread.h" />
    <ClInclude Include="idCommon.h" />
  </ItemGroup>
</Project>