
Microsoft Visual Studio Solution File, Format Version 12.00
# Visual Studio 15
VisualStudioVersion = 15.0.26430.15
MinimumVisualStudioVersion = 10.0.40219.1
Project("{8BC9CEB8-8B4A-11D0-8D11-00A0C91BC942}") = "Testing", "Boost_Example_1st\Boost_Example_1st.vcxproj", "{84E89E8A-C915-48F0-817F-55343C9594E0}"
EndProject
Project("{8BC9CEB8-8B4A-11D0-8D11-00A0C91BC942}") = "idLib", "idLib\idLib.vcxproj", "{3A29BFF7-9799-48A9-943A-9D52945E4A23}"
EndProject
Global
	GlobalSection(SolutionConfigurationPlatforms) = preSolution
		Debug|x64 = Debug|x64
		Debug|x86 = Debug|x86
		Release|x64 = Release|x64
		Release|x86 = Release|x86
	EndGlobalSection
	GlobalSection(ProjectConfigurationPlatforms) = postSolution
		{84E89E8A-C915-48F0-817F-55343C9594E0}.Debug|x64.ActiveCfg = Debug|x64
		{84E89E8A-C915-48F0-817F-55343C9594E0}.Debug|x64.Build.0 = Debug|x64
		{84E89E8A-C915-48F0-817F-55343C9594E0}.Debug|x86.ActiveCfg = Debug|Win32
		{84E89E8A-C915-48F0-817F-55343C9594E0}.Debug|x86.Build.0 = Debug|Win32
		{84E89E8A-C915-48F0-817F-55343C9594E0}.Release|x64.ActiveCfg = Debug|x64
		{84E89E8A-C915-48F0-817F-55343C9594E0}.Release|x64.Build.0 = Debug|x64
		{84E89E8A-C915-48F0-817F-55343C9594E0}.Release|x86.ActiveCfg = Release|Win32
		{84E89E8A-C915-48F0-817F-55343C9594E0}.Release|x86.Build.0 = Release|Win32
		{3A29BFF7-9799-48A9-943A-9D52945E4A23}.Debug|x64.ActiveCfg = Debug|x64
		{3A29BFF7-9799-48A9-943A-9D52945E4A23}.Debug|x64.Build.0 = Debug|x64
		{3A29BFF7-9799-48A9-943A-9D52945E4A23}.Debug|x86.ActiveCfg = Debug|Win32
		{3A29BFF7-9799-48A9-943A-9D52945E4A23}.Debug|x86.Build.0 = Debug|Win32
		{3A29BFF7-9799-48A9-943A-9D52945E4A23}.Release|x64.ActiveCfg = Debug|x64
		{3A29BFF7-9799-48A9-943A-9D52945E4A23}.Release|x64.Build.0 = Debug|x64
		{3A29BFF7-9799-48A9-943A-9D52945E4A23}.Release|x86.ActiveCfg = Release|Win32
		{3A29BFF7-9799-48A9-943A-9D52945E4A23}.Release|x86.Build.0 = Release|Win32
	EndGlobalSection
	GlobalSection(SolutionProperties) = preSolution
		HideSolutionNode = FALSE
	EndGlobalSection
	GlobalSection(ExtensibilityGlobals) = postSolution
		SolutionGuid = {E05475D0-E90D-452D-AF05-AEAA6B280021}
	EndGlobalSection
EndGlobal
